{
  "name": "phantom-test",
  "version": "1.0.0",
  "lockfileVersion": 3,
  "packages": {
    "": {
      "name": "phantom-test",
      "version": "1.0.0"
    },
    "node_modules/express": {
      "version": "4.17.1",
      "integrity": "sha512-mHJ9O79RqluphRrcw2X/GTh3k9tVnOJY2t0WRaCPnSaYR3XrlHMJchkDi5FPXF+se+0GStFi/A/ICHRjNEexg=="
    },
    "node_modules/sneaky-inject": {
      "version": "1.0.0",
      "integrity": "sha512-fakehashfakehashfakehashfakehash=="
    },
    "node_modules/express/node_modules/cookie": {
      "version": "0.4.1",
      "integrity": "sha512-ZwrFkGJxUR3EIoXtO+yVE69Eb7KlixbaeAWfBQB9vVsNn/o+Yw69gBWSSDK825hQNdN+wF8zELf3dFNl/kxkA=="
    }
  }
}
