{
  "name": "test-app",
  "version": "1.0.0",
  "lockfileVersion": 3,
  "packages": {
    "": {
      "name": "test-app",
      "version": "1.0.0"
    },
    "node_modules/lodash": {
      "version": "4.17.20",
      "license": "MIT",
      "integrity": "sha512-PlhdFcillOINfeV7Ni6oF1TAEayyZBoZ8bcshTHqOYJYlrqzRDI5gg2G6eltY6VREjBgCGRaFzDHd6ce1X3IFA==",
      "resolved": "https://registry.npmjs.org/lodash/-/lodash-4.17.20.tgz"
    },
    "node_modules/express": {
      "version": "4.17.1",
      "license": "MIT",
      "integrity": "sha512-mHJ9O79RqluphRrcw2X/GTh3k9tVnOJY2t0WRaCPnSaYR3XrlHMJchkDi5FPXF+se+0GStFi/A/ICHRjNEexg==",
      "resolved": "https://registry.npmjs.org/express/-/express-4.17.1.tgz"
    },
    "node_modules/express/node_modules/cookie": {
      "version": "0.4.1",
      "license": "MIT",
      "integrity": "sha512-ZwrFkGJxUR3EIoXtO+yVE69Eb7KlixbaeAWfBQB9vVsNn/o+Yw69gBWSSDK825hQNdN+wF8zELf3dFNl/kxkA=="
    }
  }
}
